
Microsoft Visual Studio Solution File, Format Version 12.00
# Visual Studio Version 16
VisualStudioVersion = 16.0.31424.327
MinimumVisualStudioVersion = 10.0.40219.1
Project("{FAE04EC0-301F-11D3-BF4B-00C04F79EFBC}") = "WebApplication1", "WebApplication1\WebApplication1.csproj", "{F6999BD0-8F67-44B0-B570-FEF389ADC2BD}"
EndProject
Global
	GlobalSection(SolutionConfigurationPlatforms) = preSolution
		Debug|Any CPU = Debug|Any CPU
		Release|Any CPU = Release|Any CPU
	EndGlobalSection
	GlobalSection(ProjectConfigurationPlatforms) = postSolution
		{F6999BD0-8F67-44B0-B570-FEF389ADC2BD}.Debug|Any CPU.ActiveCfg = Debug|Any CPU
		{F6999BD0-8F67-44B0-B570-FEF389ADC2BD}.Debug|Any CPU.Build.0 = Debug|Any CPU
		{F6999BD0-8F67-44B0-B570-FEF389ADC2BD}.Release|Any CPU.ActiveCfg = Release|Any CPU
		{F6999BD0-8F67-44B0-B570-FEF389ADC2BD}.Release|Any CPU.Build.0 = Release|Any CPU
	EndGlobalSection
	GlobalSection(SolutionProperties) = preSolution
		HideSolutionNode = FALSE
	EndGlobalSection
	GlobalSection(ExtensibilityGlobals) = postSolution
		SolutionGuid = {E8EF541C-0477-4407-9FD7-BD5FEC0C7073}
	EndGlobalSection
EndGlobal
